
Microsoft Visual Studio Solution File, Format Version 12.00
# Visual Studio Version 17
VisualStudioVersion = 17.7.34031.279
MinimumVisualStudioVersion = 10.0.40219.1
Project("{FAE04EC0-301F-11D3-BF4B-00C04F79EFBC}") = "Stack", "Stack\Stack.csproj", "{8A71940E-9808-4AC8-A6E7-25D72AED6EB1}"
EndProject
Project("{FAE04EC0-301F-11D3-BF4B-00C04F79EFBC}") = "StackTests", "StackTests\StackTests.csproj", "{D3651EAC-79C4-4B2B-ADBC-F1CB96CD4DA6}"
EndProject
Global
	GlobalSection(SolutionConfigurationPlatforms) = preSolution
		Debug|Any CPU = Debug|Any CPU
		Release|Any CPU = Release|Any CPU
	EndGlobalSection
	GlobalSection(ProjectConfigurationPlatforms) = postSolution
		{8A71940E-9808-4AC8-A6E7-25D72AED6EB1}.Debug|Any CPU.ActiveCfg = Debug|Any CPU
		{8A71940E-9808-4AC8-A6E7-25D72AED6EB1}.Debug|Any CPU.Build.0 = Debug|Any CPU
		{8A71940E-9808-4AC8-A6E7-25D72AED6EB1}.Release|Any CPU.ActiveCfg = Release|Any CPU
		{8A71940E-9808-4AC8-A6E7-25D72AED6EB1}.Release|Any CPU.Build.0 = Release|Any CPU
		{D3651EAC-79C4-4B2B-ADBC-F1CB96CD4DA6}.Debug|Any CPU.ActiveCfg = Debug|Any CPU
		{D3651EAC-79C4-4B2B-ADBC-F1CB96CD4DA6}.Debug|Any CPU.Build.0 = Debug|Any CPU
		{D3651EAC-79C4-4B2B-ADBC-F1CB96CD4DA6}.Release|Any CPU.ActiveCfg = Release|Any CPU
		{D3651EAC-79C4-4B2B-ADBC-F1CB96CD4DA6}.Release|Any CPU.Build.0 = Release|Any CPU
	EndGlobalSection
	GlobalSection(SolutionProperties) = preSolution
		HideSolutionNode = FALSE
	EndGlobalSection
	GlobalSection(ExtensibilityGlobals) = postSolution
		SolutionGuid = {554E1B93-5F88-4098-B533-F5962B4A698D}
	EndGlobalSection
EndGlobal
